schema: '2.0'
stages:
  data_collection:
    cmd: python src/data_collection.py
    deps:
    - path: src/data_collection.py
      hash: md5
      md5: 3534af6fc748cd8aee5bbc9e35d3907c
      size: 1277
    params:
      params.yaml:
        data_collection.test_size: 0.4
    outs:
    - path: data/raw
      hash: md5
      md5: 3a59b74138f1e30f72b69795056914b1.dir
      size: 405055
      nfiles: 2
  pre_processing:
    cmd: python src/data_pre.py
    deps:
    - path: data/raw
      hash: md5
      md5: 3a59b74138f1e30f72b69795056914b1.dir
      size: 405055
      nfiles: 2
    - path: src/data_pre.py
      hash: md5
      md5: 7492a23842988c132588fed9d24fe952
      size: 488
    outs:
    - path: data/processed
      hash: md5
      md5: 533650b87940b01e3b5637e9369f62c2.dir
      size: 405055
      nfiles: 2
  model_building:
    cmd: python .\src\model_building.py
    deps:
    - path: .\data\processed\
      hash: md5
      md5: 533650b87940b01e3b5637e9369f62c2.dir
      size: 405055
      nfiles: 2
    - path: .\src\model_building.py
      hash: md5
      md5: 6fd1502c54ee1943516f6fe94d8a7bcd
      size: 1154
    params:
      params.yaml:
        model_building.n_estimators: 500
    outs:
    - path: .\model.pkl
      hash: md5
      md5: bd7e4323f8fcef63f392c5bf70034df5
      size: 654833
  model_eval:
    cmd: python .\src\model_eval.py
    deps:
    - path: .\model.pkl
      hash: md5
      md5: bd7e4323f8fcef63f392c5bf70034df5
      size: 654833
    - path: .\src\model_eval.py
      hash: md5
      md5: bed739244ece7b3ff563ba5f498ddcf7
      size: 3108
    outs:
    - path: metrics.json
      hash: md5
      md5: eb189f63e09eed91656adb3c062ba38d
      size: 137
