schema: '2.0'
stages:
  data_collection:
    cmd: python src/data_collection.py
    deps:
    - path: src/data_collection.py
      hash: md5
      md5: 3534af6fc748cd8aee5bbc9e35d3907c
      size: 1277
    params:
      params.yaml:
        data_collection.test_size: 0.3
    outs:
    - path: data/raw
      hash: md5
      md5: d69cd7b038215965bdd4d8295d305a77.dir
      size: 1251512
      nfiles: 2
  pre_processing:
    cmd: python src/data_pre.py
    deps:
    - path: data/raw
      hash: md5
      md5: d69cd7b038215965bdd4d8295d305a77.dir
      size: 1251512
      nfiles: 2
    - path: src/data_pre.py
      hash: md5
      md5: 7492a23842988c132588fed9d24fe952
      size: 488
    outs:
    - path: data/processed
      hash: md5
      md5: 8997f8f64d11b90f91e8f60a724aca24.dir
      size: 1245911
      nfiles: 2
  model_building:
    cmd: python .\src\model_building.py
    deps:
    - path: .\data\processed\
      hash: md5
      md5: 8997f8f64d11b90f91e8f60a724aca24.dir
      size: 1245911
      nfiles: 2
    - path: .\src\model_building.py
      hash: md5
      md5: ead5a7e45d8eca7fac220c094f6c2374
      size: 960
    params:
      params.yaml:
        model_building.n_estimators: 1000
    outs:
    - path: .\model.pkl
      hash: md5
      md5: 5dca5849fbdf118a7cffbaaaf0acf120
      size: 7482528
  model_eval:
    cmd: python .\src\model_eval.py
    deps:
    - path: .\model.pkl
      hash: md5
      md5: 5dca5849fbdf118a7cffbaaaf0acf120
      size: 7482528
    - path: .\src\model_eval.py
      hash: md5
      md5: d33636e78a683213fcd3e8b5a948c4eb
      size: 1760
    outs:
    - path: metrics.json
      hash: md5
      md5: 04a54184707f61c1d4c262121345f697
      size: 131
